
Microsoft Visual Studio Solution File, Format Version 12.00
# Visual Studio Version 16
VisualStudioVersion = 16.0.29123.88
MinimumVisualStudioVersion = 10.0.40219.1
Project("{FAE04EC0-301F-11D3-BF4B-00C04F79EFBC}") = "StaticField", "StaticField\StaticField.csproj", "{A7B7D021-CF56-4A2D-BDCE-318F3421F419}"
EndProject
Global
	GlobalSection(SolutionConfigurationPlatforms) = preSolution
		Debug|Any CPU = Debug|Any CPU
		Release|Any CPU = Release|Any CPU
	EndGlobalSection
	GlobalSection(ProjectConfigurationPlatforms) = postSolution
		{A7B7D021-CF56-4A2D-BDCE-318F3421F419}.Debug|Any CPU.ActiveCfg = Debug|Any CPU
		{A7B7D021-CF56-4A2D-BDCE-318F3421F419}.Debug|Any CPU.Build.0 = Debug|Any CPU
		{A7B7D021-CF56-4A2D-BDCE-318F3421F419}.Release|Any CPU.ActiveCfg = Release|Any CPU
		{A7B7D021-CF56-4A2D-BDCE-318F3421F419}.Release|Any CPU.Build.0 = Release|Any CPU
	EndGlobalSection
	GlobalSection(SolutionProperties) = preSolution
		HideSolutionNode = FALSE
	EndGlobalSection
	GlobalSection(ExtensibilityGlobals) = postSolution
		SolutionGuid = {ECE7163E-BDDB-42AF-BB69-AA23A718F4E6}
	EndGlobalSection
EndGlobal
