
Microsoft Visual Studio Solution File, Format Version 12.00
# Visual Studio Version 16
VisualStudioVersion = 16.0.29123.88
MinimumVisualStudioVersion = 10.0.40219.1
Project("{FAE04EC0-301F-11D3-BF4B-00C04F79EFBC}") = "Inheritance", "Inheritance\Inheritance.csproj", "{C00A201F-0247-43B9-B10F-0FDCBB974778}"
EndProject
Global
	GlobalSection(SolutionConfigurationPlatforms) = preSolution
		Debug|Any CPU = Debug|Any CPU
		Release|Any CPU = Release|Any CPU
	EndGlobalSection
	GlobalSection(ProjectConfigurationPlatforms) = postSolution
		{C00A201F-0247-43B9-B10F-0FDCBB974778}.Debug|Any CPU.ActiveCfg = Debug|Any CPU
		{C00A201F-0247-43B9-B10F-0FDCBB974778}.Debug|Any CPU.Build.0 = Debug|Any CPU
		{C00A201F-0247-43B9-B10F-0FDCBB974778}.Release|Any CPU.ActiveCfg = Release|Any CPU
		{C00A201F-0247-43B9-B10F-0FDCBB974778}.Release|Any CPU.Build.0 = Release|Any CPU
	EndGlobalSection
	GlobalSection(SolutionProperties) = preSolution
		HideSolutionNode = FALSE
	EndGlobalSection
	GlobalSection(ExtensibilityGlobals) = postSolution
		SolutionGuid = {440E23A0-72A2-4119-BDB1-548A8719D0C4}
	EndGlobalSection
EndGlobal
